{
  "name": "learning_laravel",
  "lockfileVersion": 2,
  "requires": true,
  "packages": {
    "": {
      "dependencies": {
        "dompurify": "^2.4.3"
      }
    },
    "node_modules/dompurify": {
      "version": "2.4.3",
      "resolved": "https://registry.npmjs.org/dompurify/-/dompurify-2.4.3.tgz",
      "integrity": "sha512-q6QaLcakcRjebxjg8/+NP+h0rPfatOgOzc46Fst9VAA3jF2ApfKBNKMzdP4DYTqtUMXSCd5pRS/8Po/OmoCHZQ=="
    }
  },
  "dependencies": {
    "dompurify": {
      "version": "2.4.3",
      "resolved": "https://registry.npmjs.org/dompurify/-/dompurify-2.4.3.tgz",
      "integrity": "sha512-q6QaLcakcRjebxjg8/+NP+h0rPfatOgOzc46Fst9VAA3jF2ApfKBNKMzdP4DYTqtUMXSCd5pRS/8Po/OmoCHZQ=="
    }
  }
}
